
Microsoft Visual Studio Solution File, Format Version 12.00
# Visual Studio Version 17
VisualStudioVersion = 17.8.34525.116
MinimumVisualStudioVersion = 10.0.40219.1
Project("{FAE04EC0-301F-11D3-BF4B-00C04F79EFBC}") = "Konoz", "Konoz\Konoz.csproj", "{FC613A56-CA0D-44B9-BF87-D9421F652AF6}"
EndProject
Global
	GlobalSection(SolutionConfigurationPlatforms) = preSolution
		Debug|Any CPU = Debug|Any CPU
		Release|Any CPU = Release|Any CPU
	EndGlobalSection
	GlobalSection(ProjectConfigurationPlatforms) = postSolution
		{FC613A56-CA0D-44B9-BF87-D9421F652AF6}.Debug|Any CPU.ActiveCfg = Debug|Any CPU
		{FC613A56-CA0D-44B9-BF87-D9421F652AF6}.Debug|Any CPU.Build.0 = Debug|Any CPU
		{FC613A56-CA0D-44B9-BF87-D9421F652AF6}.Release|Any CPU.ActiveCfg = Release|Any CPU
		{FC613A56-CA0D-44B9-BF87-D9421F652AF6}.Release|Any CPU.Build.0 = Release|Any CPU
	EndGlobalSection
	GlobalSection(SolutionProperties) = preSolution
		HideSolutionNode = FALSE
	EndGlobalSection
	GlobalSection(ExtensibilityGlobals) = postSolution
		SolutionGuid = {DC5BCF79-C255-435D-860D-07E22F6922FF}
	EndGlobalSection
EndGlobal
